{
  "name": "@dakinis/shared-feature-flags",
  "version": "0.1.0",
  "lockfileVersion": 3,
  "requires": true,
  "packages": {
    "": {
      "name": "@dakinis/shared-feature-flags",
      "version": "0.1.0",
      "dependencies": {
        "@dakinis/shared-db": "file:../shared-db"
      },
      "engines": {
        "node": ">=20"
      },
      "peerDependencies": {
        "react": ">=18"
      },
      "peerDependenciesMeta": {
        "react": {
          "optional": true
        }
      }
    },
    "../shared-db": {
      "name": "@dakinis/shared-db",
      "version": "0.1.0",
      "dependencies": {
        "pg": "^8.22.0"
      },
      "engines": {
        "node": ">=20"
      }
    },
    "node_modules/@dakinis/shared-db": {
      "resolved": "../shared-db",
      "link": true
    }
  }
}
