{
  "name": "@dakinis/sdk-workspace",
  "version": "0.1.0",
  "lockfileVersion": 3,
  "requires": true,
  "packages": {
    "": {
      "name": "@dakinis/sdk-workspace",
      "version": "0.1.0",
      "dependencies": {
        "@dakinis/sdk-auth": "file:../sdk-auth",
        "@dakinis/shared-platform": "file:../shared-platform"
      },
      "engines": {
        "node": ">=20"
      }
    },
    "../sdk-auth": {
      "name": "@dakinis/sdk-auth",
      "version": "0.1.0",
      "dependencies": {
        "@dakinis/shared-platform": "file:../shared-platform"
      },
      "engines": {
        "node": ">=20"
      }
    },
    "../shared-platform": {
      "name": "@dakinis/shared-platform",
      "version": "0.1.0",
      "dependencies": {
        "@dakinis/shared-validation": "file:../shared-validation"
      },
      "engines": {
        "node": ">=20"
      }
    },
    "node_modules/@dakinis/sdk-auth": {
      "resolved": "../sdk-auth",
      "link": true
    },
    "node_modules/@dakinis/shared-platform": {
      "resolved": "../shared-platform",
      "link": true
    }
  }
}
