{
  "name": "@dakinis/shared-platform",
  "version": "0.1.0",
  "lockfileVersion": 3,
  "requires": true,
  "packages": {
    "": {
      "name": "@dakinis/shared-platform",
      "version": "0.1.0",
      "dependencies": {
        "@dakinis/shared-validation": "file:../shared-validation"
      },
      "engines": {
        "node": ">=20"
      }
    },
    "../shared-validation": {
      "name": "@dakinis/shared-validation",
      "version": "0.1.0",
      "dependencies": {
        "zod": "^4.3.6"
      },
      "engines": {
        "node": ">=20"
      }
    },
    "node_modules/@dakinis/shared-validation": {
      "resolved": "../shared-validation",
      "link": true
    }
  }
}
